{
  "projects": [
    {
      "projectId": "7TgNrWQj5NP1iabd7btsp3",
      "version": "latest",
      "dependencies": {},
      "lang": "js",
      "fileLocks": [
        {
          "type": "globalVariant",
          "assetId": "d2nXzJl_tXO73O",
          "checksum": "2132b73dc76e43076280ea281a740d63"
        },
        {
          "type": "renderModule",
          "assetId": "y9R3jsFmeLZthG",
          "checksum": "5a830a06d5a41b443163616c57908647"
        },
        {
          "type": "cssRules",
          "assetId": "y9R3jsFmeLZthG",
          "checksum": "5a830a06d5a41b443163616c57908647"
        },
        {
          "type": "renderModule",
          "assetId": "jqA6_3BfibjBPp",
          "checksum": "1ed8a41b62895881c628a6817bcfdbc5"
        },
        {
          "type": "cssRules",
          "assetId": "jqA6_3BfibjBPp",
          "checksum": "1ed8a41b62895881c628a6817bcfdbc5"
        },
        {
          "type": "renderModule",
          "assetId": "K6AX6DpTJmvTqD",
          "checksum": "82cdbc06741f32cb0d272802f9fc6b7f"
        },
        {
          "type": "cssRules",
          "assetId": "K6AX6DpTJmvTqD",
          "checksum": "82cdbc06741f32cb0d272802f9fc6b7f"
        },
        {
          "type": "renderModule",
          "assetId": "QEpVrIaJaWReSL",
          "checksum": "429d6c067e9698d1c44b146f1a49f314"
        },
        {
          "type": "cssRules",
          "assetId": "QEpVrIaJaWReSL",
          "checksum": "429d6c067e9698d1c44b146f1a49f314"
        },
        {
          "type": "renderModule",
          "assetId": "vtr4HBe3IOcGOj",
          "checksum": "4a89d00f8e05028a6e85796456c98cee"
        },
        {
          "type": "cssRules",
          "assetId": "vtr4HBe3IOcGOj",
          "checksum": "4a89d00f8e05028a6e85796456c98cee"
        },
        {
          "type": "renderModule",
          "assetId": "1tRSjjUWH0MFhZ",
          "checksum": "5aa3b700cb1647d85be7e7ebf33e5055"
        },
        {
          "type": "cssRules",
          "assetId": "1tRSjjUWH0MFhZ",
          "checksum": "5aa3b700cb1647d85be7e7ebf33e5055"
        },
        {
          "type": "renderModule",
          "assetId": "d90Pci6N7gSYfW",
          "checksum": "37747f26d37000c888dc1e5fd81a2929"
        },
        {
          "type": "cssRules",
          "assetId": "d90Pci6N7gSYfW",
          "checksum": "37747f26d37000c888dc1e5fd81a2929"
        },
        {
          "type": "renderModule",
          "assetId": "0uTYi8V9d63H8V",
          "checksum": "cc346d1234255974762c382ab10f5270"
        },
        {
          "type": "cssRules",
          "assetId": "0uTYi8V9d63H8V",
          "checksum": "cc346d1234255974762c382ab10f5270"
        },
        {
          "type": "renderModule",
          "assetId": "nviMx6-5p3l2tz",
          "checksum": "c3a43106f33a61dcacc6755979e94dab"
        },
        {
          "type": "cssRules",
          "assetId": "nviMx6-5p3l2tz",
          "checksum": "c3a43106f33a61dcacc6755979e94dab"
        },
        {
          "type": "renderModule",
          "assetId": "iworc5bw6VgnEX",
          "checksum": "4265fa278a6ba0e28e8981e40f3e5dcb"
        },
        {
          "type": "cssRules",
          "assetId": "iworc5bw6VgnEX",
          "checksum": "4265fa278a6ba0e28e8981e40f3e5dcb"
        },
        {
          "type": "renderModule",
          "assetId": "o1ls_a0IAWOOXD",
          "checksum": "77d5698f87e20806183f63f975de8b43"
        },
        {
          "type": "cssRules",
          "assetId": "o1ls_a0IAWOOXD",
          "checksum": "77d5698f87e20806183f63f975de8b43"
        },
        {
          "type": "renderModule",
          "assetId": "pNPSHR3Zs62w",
          "checksum": "1dce869e37626c2f149f26f5ec2db4be"
        },
        {
          "type": "cssRules",
          "assetId": "pNPSHR3Zs62w",
          "checksum": "1dce869e37626c2f149f26f5ec2db4be"
        },
        {
          "type": "icon",
          "assetId": "TxLww878SdsSi0",
          "checksum": "377bed82459d416559b5fb7b9b346123"
        },
        {
          "type": "icon",
          "assetId": "ZjQdLe3cmVWKUm",
          "checksum": "963ab3e05a860014922ced6b310cabf8"
        },
        {
          "type": "icon",
          "assetId": "iohl55Xxx3s4LY",
          "checksum": "e6323f3d34c3882840fe167c2a12a0fb"
        },
        {
          "type": "icon",
          "assetId": "d94zNi5p8FXJWn",
          "checksum": "c03fea890c5dedd927477c73e25accc0"
        },
        {
          "type": "icon",
          "assetId": "vAo1KwdkvUMC-0",
          "checksum": "0447e121c938c17b1e09c019cbe53dae"
        },
        {
          "type": "icon",
          "assetId": "IB0J-UmDlibecY",
          "checksum": "3ff4938b913190ccfd5d5b03a2bbb55b"
        },
        {
          "type": "icon",
          "assetId": "R8tUcBx7u61-RR",
          "checksum": "d58635b90d74c2b5451bbb45242a16f9"
        },
        {
          "type": "icon",
          "assetId": "oj5FNsn2EUpqtw",
          "checksum": "40d4865f63becc3378c211aae10fce70"
        },
        {
          "type": "icon",
          "assetId": "85O9sAECyft7hx",
          "checksum": "7b069660772df85ae7558385b65419a1"
        },
        {
          "type": "icon",
          "assetId": "O9zl5_9nsRA1MH",
          "checksum": "059de05ae15b6bc0c8bc0cc5172548d6"
        },
        {
          "type": "icon",
          "assetId": "-4VVOyellWeWT2",
          "checksum": "a0100d30ecec7b22256786f725c1884b"
        },
        {
          "type": "icon",
          "assetId": "3JspUf2dG6XxLw",
          "checksum": "dfa4b33b2765d7d22895f75426548075"
        },
        {
          "type": "icon",
          "assetId": "yCrl_vwlJbqowq",
          "checksum": "d3fdb861451925220da6a3a385d61cc2"
        },
        {
          "type": "icon",
          "assetId": "At8unNABrW0xGr",
          "checksum": "820ed0824b1ddb41a19e993b7c91889b"
        },
        {
          "type": "icon",
          "assetId": "vUM6cdbdULy8s4",
          "checksum": "14c338c60c8794c27d2ded50844f73b9"
        },
        {
          "type": "icon",
          "assetId": "FLKQkdc9H4FYDf",
          "checksum": "664379cdb0d9e1b33e3f837e05744b28"
        },
        {
          "type": "icon",
          "assetId": "Q4XvnWOb2i-Fbl",
          "checksum": "154232f4a748fd01637bc80af9a4c49b"
        },
        {
          "type": "icon",
          "assetId": "GNKqheH11phGsf",
          "checksum": "0bf2533887ada5e29c57b4d584b9184b"
        },
        {
          "type": "icon",
          "assetId": "Yhhy6mYYpZfw4W",
          "checksum": "ba280bdb01caff41a70558ddcaedba0f"
        },
        {
          "type": "icon",
          "assetId": "R6Khoz5ifNTcTU",
          "checksum": "2224b2ded5fbf9ab471d51c99d40d965"
        },
        {
          "type": "icon",
          "assetId": "m9H7koBxGRpEVj",
          "checksum": "5b98ec07a7930ce946fd46810da7fb4f"
        },
        {
          "type": "icon",
          "assetId": "pUbq5KD0cHtBF6",
          "checksum": "2fb027342c75b989aa885792d53d48eb"
        },
        {
          "type": "icon",
          "assetId": "y9VvDh7uPBFPoP",
          "checksum": "e37e98a4fd145ec64755bec39b8cfe2d"
        },
        {
          "type": "icon",
          "assetId": "3FXpmIjEIAM4Vj",
          "checksum": "51dd50355c4ea4edaefe4bc3ce572c6a"
        },
        {
          "type": "icon",
          "assetId": "3zr-I-ktx99ikt",
          "checksum": "780df75d1ca7e8557ee93fbb76943736"
        },
        {
          "type": "icon",
          "assetId": "jFdBVfjsR5s4VK",
          "checksum": "26aacbcb1a2fbaa22562c8452fc5a8e9"
        },
        {
          "type": "icon",
          "assetId": "M-Ayt-K-r081KU",
          "checksum": "6c175494b59769f206b4d5a5d930d05b"
        },
        {
          "type": "icon",
          "assetId": "iok72CtvRnYQtv",
          "checksum": "7435fac68e7b955f074f6a6625a572e0"
        },
        {
          "type": "icon",
          "assetId": "M5_4I_E8ozY8dA",
          "checksum": "b5119ff785965712811fc7c14779ef16"
        },
        {
          "type": "icon",
          "assetId": "yNiJMpLYjLj2MU",
          "checksum": "93298f8aca0c58295c857046790d9882"
        },
        {
          "type": "icon",
          "assetId": "Cl-ZAXvwiYwjTe",
          "checksum": "b5541b0c113b9421f971de40cd5e92e6"
        },
        {
          "type": "icon",
          "assetId": "hsnHLRuVUOhiPX",
          "checksum": "1986d719f319d37eab28b7bd2d1924f6"
        },
        {
          "type": "icon",
          "assetId": "i5eLFyBmaLUhcy",
          "checksum": "aa526eeedb8c250c170ccc05bc752166"
        },
        {
          "type": "icon",
          "assetId": "h3zoiUMzwvMFE9",
          "checksum": "6511bceb2e4f7d05702eadf7340649ab"
        },
        {
          "type": "icon",
          "assetId": "067pfyJmsZGNE0",
          "checksum": "e0ef4d322ec7f94959af1a0d57ba5ac2"
        },
        {
          "type": "icon",
          "assetId": "UiNtV-Et7cducB",
          "checksum": "29eead766aa5745506fc3f360cb1ddb5"
        },
        {
          "type": "icon",
          "assetId": "okhcoqG_h59URk",
          "checksum": "29ef51e035a0594d907ec0a5c78a7b76"
        },
        {
          "type": "icon",
          "assetId": "aqLIBw98jFwuQ-",
          "checksum": "568b121fc385d14af8357dc2dad62374"
        },
        {
          "type": "icon",
          "assetId": "KdRa52DefEnD0g",
          "checksum": "8aa04657bf335776f5c8c4c21628d5ba"
        },
        {
          "type": "icon",
          "assetId": "kTI2qMHAa",
          "checksum": "b7d4a5888f40f3946fe76e9e4f9ee312"
        },
        {
          "type": "icon",
          "assetId": "8vt02ZalE",
          "checksum": "b116c3fd93849b42fd7fa9d384985a96"
        },
        {
          "type": "icon",
          "assetId": "cPund-yZL",
          "checksum": "f0d7e798fbf648451b50239ac45c5f6d"
        },
        {
          "type": "icon",
          "assetId": "0pPcsouYL",
          "checksum": "339936f3d8d2a8a2856990abbba00e14"
        },
        {
          "type": "icon",
          "assetId": "E-go719yE",
          "checksum": "48da86d19bd57f9a3218f371501b7904"
        },
        {
          "type": "image",
          "assetId": "zXcOT0HEd_zimS",
          "checksum": "08e802381a4291adaf41b02befc1f003"
        },
        {
          "type": "image",
          "assetId": "E6NuR_QdMr4rP_",
          "checksum": "4f8c84546abd1d4ab492b496e64ffce2"
        },
        {
          "type": "image",
          "assetId": "O_3bie5pJCenlx",
          "checksum": "bc2ef79ee2c6a6de62994ffb0b84272f"
        },
        {
          "type": "image",
          "assetId": "Qrj-UmKZxoZ3_2",
          "checksum": "a209a3c676a76d076537bc11ce2cca88"
        },
        {
          "type": "image",
          "assetId": "d5BzJFN2O34Rhm",
          "checksum": "16ab9ed1c60ecfab69908c93e6f657e5"
        },
        {
          "type": "image",
          "assetId": "mzFddJWG07xaqD",
          "checksum": "e2ef70ac2e39904c839b854de2e8ca88"
        },
        {
          "type": "image",
          "assetId": "DJMZpVW_1krHV6",
          "checksum": "8a48e77aeeec66ee7e591efc90e52741"
        },
        {
          "type": "image",
          "assetId": "ZW0Pf6b9-Djk97",
          "checksum": "bbfeb14e2e5fe4e9f55123a99eb6e4b8"
        },
        {
          "type": "image",
          "assetId": "xFA85gGJ02fJjQ",
          "checksum": "82c167506476dc3a1bc12876f3289fb4"
        },
        {
          "type": "image",
          "assetId": "a2c1uOBpBLoTzO",
          "checksum": "0e854e9fca50cd6020704146d6e0b8e0"
        },
        {
          "type": "image",
          "assetId": "wBgwygiaSFxqJy",
          "checksum": "aa5f29ce5776cbfefe6d6269d72aade6"
        },
        {
          "type": "image",
          "assetId": "a8ipUkXGyhHzVX",
          "checksum": "c47bb490b13753cbc1dff69c5c392091"
        },
        {
          "type": "image",
          "assetId": "OnfbLe8fkzwGE5",
          "checksum": "f5abbf15719cef8617baa3f92bb24fa2"
        },
        {
          "type": "image",
          "assetId": "TSApEUIhdYJVfP",
          "checksum": "850e37a5fa96cb1bb57ffa5607e28feb"
        },
        {
          "type": "image",
          "assetId": "8WhScthXEEqpnZ",
          "checksum": "ff915a06aa80b11fadcdbda0b802f667"
        },
        {
          "type": "image",
          "assetId": "1ZQymjbUC0TjhQ",
          "checksum": "329cdc0c2b4d3fd8e42c509087ae8444"
        },
        {
          "type": "image",
          "assetId": "eHY_XzjTucVXvd",
          "checksum": "a5f281a7b77930b3e220ec216818851f"
        },
        {
          "type": "image",
          "assetId": "yDr7iX_PhO6Kkp",
          "checksum": "17f115aa8de54f1cce8e6f0c52f0751c"
        },
        {
          "type": "image",
          "assetId": "MiNx58XY6xu0Hi",
          "checksum": "64b14ba1adc1ef8b587311c51a535fec"
        },
        {
          "type": "image",
          "assetId": "0yWBVudaVrCqxB",
          "checksum": "50be3a56f6115abf0c846f6d55419313"
        },
        {
          "type": "image",
          "assetId": "gdu7C_JhJBpdWf",
          "checksum": "f76675fc53518bc00624c583e5f9a91c"
        },
        {
          "type": "image",
          "assetId": "gpyDxuyh45r2gy",
          "checksum": "d8516e1dc9799871b240f93b1f977fd1"
        },
        {
          "type": "image",
          "assetId": "UowVJqFVuWSRWP",
          "checksum": "880ee0b7ce87adb46e058f4d462286f4"
        },
        {
          "type": "image",
          "assetId": "FcnriffFv1KBbz",
          "checksum": "aba083b17c43274a0adede6857e38c22"
        },
        {
          "type": "image",
          "assetId": "ydUB__0NYQM5Q_",
          "checksum": "8d60d2b65b825ad530cd78a3ee15d4c9"
        },
        {
          "type": "image",
          "assetId": "hs164qYiYiZvzC",
          "checksum": "606cfcf7be5f618185505a3bc7faff51"
        },
        {
          "type": "image",
          "assetId": "Z-bh-A6z6JCdDL",
          "checksum": "2a0c2250bfa79f42dc1711516a311ad8"
        },
        {
          "type": "image",
          "assetId": "dWfrvInL20f828",
          "checksum": "4ebf0200f4d1eee3deacc7a2bcc9e591"
        },
        {
          "type": "image",
          "assetId": "-lTtl7LtOSOfeR",
          "checksum": "fb586d72f169536ca52133f575336840"
        },
        {
          "type": "image",
          "assetId": "YL6WZPn0NVpaTW",
          "checksum": "7e280813fef4d2c56fe4793957171631"
        },
        {
          "type": "image",
          "assetId": "14ixaWu1Zkdz7s",
          "checksum": "dcc73cd8de593e27b9f75be7cf022a5f"
        },
        {
          "type": "image",
          "assetId": "1TyG8Eud066xD0",
          "checksum": "bdab3c960694a5c37461e54746b591e7"
        },
        {
          "assetId": "7TgNrWQj5NP1iabd7btsp3",
          "type": "projectCss",
          "checksum": "ab6826b04038aa32e97539c92b0cdc95"
        },
        {
          "type": "image",
          "assetId": "zkq-LC67g",
          "checksum": "afd405f4ed8abd5f447213c75e05d31f"
        }
      ],
      "codegenVersion": "0.0.1"
    }
  ],
  "cliVersion": "0.1.176"
}
